{
  "nodes": {
    "home-manager": {
      "inputs": {
        "nixpkgs": "nixpkgs"
      },
      "locked": {
        "lastModified": 1611994408,
        "narHash": "sha256-9lF/96lCtwJXE9r9r3gVbFX4tVa85nyG93oRfweDkEo=",
        "owner": "nix-community",
        "repo": "home-manager",
        "rev": "98d030f723e0a4a446e56b276573efb8bef422f5",
        "type": "github"
      },
      "original": {
        "owner": "nix-community",
        "repo": "home-manager",
        "type": "github"
      }
    },
    "nixek": {
      "inputs": {
        "nixpkgs": "nixpkgs_2"
      },
      "locked": {
        "lastModified": 1619596115,
        "narHash": "sha256-k9ihe/dD7VeLrqH9MGuR7+ZP8MCRbd0c8WOPes6mocA=",
        "owner": "euank",
        "repo": "nixek-overlay",
        "rev": "42d14bb405779cf62d7d567ab8765ab1963ff0a1",
        "type": "github"
      },
      "original": {
        "owner": "euank",
        "repo": "nixek-overlay",
        "type": "github"
      }
    },
    "nixpkgs": {
      "locked": {
        "lastModified": 1612082222,
        "narHash": "sha256-Q/SJ85opMKpsKCBJ2JJD+PKUwjFj3SIjsVOSoZMEdi0=",
        "owner": "NixOS",
        "repo": "nixpkgs",
        "rev": "6684094e64b45aa60d20bee9edd711e520c67a19",
        "type": "github"
      },
      "original": {
        "id": "nixpkgs",
        "type": "indirect"
      }
    },
    "nixpkgs-stable": {
      "locked": {
        "lastModified": 1619562671,
        "narHash": "sha256-iDDaFkroxzRKuxvrpZJoTt+X9gGsDPCfYYl2DLRdVJA=",
        "owner": "NixOS",
        "repo": "nixpkgs",
        "rev": "17b101e29dfff7ae02cdd00e8cde243d2a56472d",
        "type": "github"
      },
      "original": {
        "owner": "NixOS",
        "ref": "release-20.09",
        "repo": "nixpkgs",
        "type": "github"
      }
    },
    "nixpkgs_2": {
      "locked": {
        "lastModified": 1619593545,
        "narHash": "sha256-+QhHNlHuItSV4EKQiZ5ONANgQOMXrWc8qYojIJORgxM=",
        "owner": "NixOS",
        "repo": "nixpkgs",
        "rev": "f3820d580ee15cd6a1aee4f7abece467075f13e7",
        "type": "github"
      },
      "original": {
        "id": "nixpkgs",
        "type": "indirect"
      }
    },
    "nixpkgs_3": {
      "locked": {
        "lastModified": 1619595013,
        "narHash": "sha256-LfFtDkjpgnU5YRBgUryCZ/lVuTAhhVC+2EUqEsaypow=",
        "owner": "NixOS",
        "repo": "nixpkgs",
        "rev": "75e9b83b3822a320a1deca59d7f9a3e08dc59dec",
        "type": "github"
      },
      "original": {
        "id": "nixpkgs",
        "type": "indirect"
      }
    },
    "root": {
      "inputs": {
        "home-manager": "home-manager",
        "nixek": "nixek",
        "nixpkgs": "nixpkgs_3",
        "nixpkgs-stable": "nixpkgs-stable"
      }
    }
  },
  "root": "root",
  "version": 7
}
