{
  "nodes": {
    "ekverlay": {
      "inputs": {
        "nixpkgs": "nixpkgs"
      },
      "locked": {
        "lastModified": 1700404841,
        "narHash": "sha256-QXx6qAirGdrNa89I/+ZiH9P6IEfz5R4iNdDA/tQRr0c=",
        "owner": "euank",
        "repo": "nixek-overlay",
        "rev": "7f74795af5dce4e10b5e45bd21320401a9d116bb",
        "type": "github"
      },
      "original": {
        "owner": "euank",
        "repo": "nixek-overlay",
        "type": "github"
      }
    },
    "fenix": {
      "inputs": {
        "nixpkgs": "nixpkgs_4",
        "rust-analyzer-src": "rust-analyzer-src"
      },
      "locked": {
        "lastModified": 1719642342,
        "narHash": "sha256-6DFZ+XbU+nPz86uDicmyypxf4oYKGomecSyTiNnXYBU=",
        "owner": "nix-community",
        "repo": "fenix",
        "rev": "b49a0746ae9516336f3ab281164923624c7a506f",
        "type": "github"
      },
      "original": {
        "owner": "nix-community",
        "repo": "fenix",
        "type": "github"
      }
    },
    "flake-utils": {
      "inputs": {
        "systems": "systems"
      },
      "locked": {
        "lastModified": 1710146030,
        "narHash": "sha256-SZ5L6eA7HJ/nmkzGG7/ISclqe6oZdOZTNoesiInkXPQ=",
        "owner": "numtide",
        "repo": "flake-utils",
        "rev": "b1d9ab70662946ef0850d488da1c9019f3a9752a",
        "type": "github"
      },
      "original": {
        "owner": "numtide",
        "repo": "flake-utils",
        "type": "github"
      }
    },
    "home-manager": {
      "inputs": {
        "nixpkgs": "nixpkgs_2"
      },
      "locked": {
        "lastModified": 1720470846,
        "narHash": "sha256-7ftA4Bv5KfH4QdTRxqe8/Hz2YTKo+7IQ9n7vbNWgv28=",
        "owner": "nix-community",
        "repo": "home-manager",
        "rev": "2fb5c1e0a17bc6059fa09dc411a43d75f35bb192",
        "type": "github"
      },
      "original": {
        "owner": "nix-community",
        "repo": "home-manager",
        "type": "github"
      }
    },
    "home-manager_2": {
      "inputs": {
        "nixpkgs": [
          "ngrok-dev",
          "nixpkgs"
        ]
      },
      "locked": {
        "lastModified": 1717476296,
        "narHash": "sha256-ScHe38Tr+TxGURC17kby4mIIxOG3aJvZWXzPM79UnEk=",
        "owner": "nix-community",
        "repo": "home-manager",
        "rev": "095ef64aa3b2ab4a4f1bf07f29997e21e3a5576a",
        "type": "github"
      },
      "original": {
        "owner": "nix-community",
        "ref": "release-23.11",
        "repo": "home-manager",
        "type": "github"
      }
    },
    "mvn2nix": {
      "inputs": {
        "nixpkgs": "nixpkgs_3",
        "utils": "utils"
      },
      "locked": {
        "lastModified": 1701817271,
        "narHash": "sha256-5ZnRlGhWFD3U9AzCbZ7L8Yf2lTvO81dVv138nbqHEFI=",
        "owner": "fzakaria",
        "repo": "mvn2nix",
        "rev": "e27562cb6fc5b546eb8a3a6be79b7f1ac7676e4b",
        "type": "github"
      },
      "original": {
        "owner": "fzakaria",
        "repo": "mvn2nix",
        "type": "github"
      }
    },
    "ngrok-dev": {
      "inputs": {
        "fenix": "fenix",
        "flake-utils": "flake-utils",
        "home-manager": "home-manager_2",
        "nixcr": "nixcr",
        "nixpkgs": "nixpkgs_5",
        "nixpkgs-bazel-pinned": "nixpkgs-bazel-pinned",
        "nixpkgs-cr-bootstrap": "nixpkgs-cr-bootstrap",
        "nixpkgs-kubectl-pinned": "nixpkgs-kubectl-pinned",
        "nixpkgs-osslsigncode": "nixpkgs-osslsigncode",
        "nixpkgs-terraform": "nixpkgs-terraform",
        "nixpkgs-unstable": "nixpkgs-unstable"
      },
      "locked": {
        "dir": "nix",
        "lastModified": 1720495061,
        "narHash": "sha256-8UDIPXz4W3FxkqZHkAXmqKe4aTpTLxBZx7FNjxVykDw=",
        "ref": "refs/heads/main",
        "rev": "51ad4eb5fa20c185dfba2c3c9ef814e90e56e3ee",
        "revCount": 65343,
        "type": "git",
        "url": "file:/home/esk/dev/ngrok?dir=nix"
      },
      "original": {
        "dir": "nix",
        "type": "git",
        "url": "file:/home/esk/dev/ngrok?dir=nix"
      }
    },
    "ngrok-dev2": {
      "inputs": {
        "nixpkgs": "nixpkgs_6"
      },
      "locked": {
        "lastModified": 1714712742,
        "narHash": "sha256-iwZCSw3jhhh/k/Vm7T+78SVAu7oSqUA9V8C4SFQ6c6k=",
        "path": "/home/esk/nix-ngrok-dev",
        "type": "path"
      },
      "original": {
        "path": "/home/esk/nix-ngrok-dev",
        "type": "path"
      }
    },
    "nixcr": {
      "locked": {
        "lastModified": 1704756432,
        "narHash": "sha256-j+sWagsn+nzh4NTZV6gV8CYtS/NqbQVtBU29OGaqF54=",
        "owner": "pololu",
        "repo": "nixcrpkgs",
        "rev": "21885cca02b0b186d5c1d8211c1a2108d8f9b68a",
        "type": "github"
      },
      "original": {
        "owner": "pololu",
        "repo": "nixcrpkgs",
        "type": "github"
      }
    },
    "nixek": {
      "inputs": {
        "nixpkgs": "nixpkgs_7"
      },
      "locked": {
        "lastModified": 1648331943,
        "narHash": "sha256-GDGqr+L3LCY4JIpmO5PTzfKWLaP8q/ZIeBGIy2WJLIY=",
        "owner": "nixek-systems",
        "repo": "pkgs",
        "rev": "fbae596538662b40e379af097804339cdbcb7f95",
        "type": "github"
      },
      "original": {
        "owner": "nixek-systems",
        "repo": "pkgs",
        "type": "github"
      }
    },
    "nixos-hardware": {
      "locked": {
        "lastModified": 1720429258,
        "narHash": "sha256-d6JI5IgJ1xdrk7DvYVx7y8ijcYz5I1nhCwOiDP6cq00=",
        "owner": "NixOS",
        "repo": "nixos-hardware",
        "rev": "72d3c007024ce47d838bb38693c8773812f54bf2",
        "type": "github"
      },
      "original": {
        "owner": "NixOS",
        "ref": "master",
        "repo": "nixos-hardware",
        "type": "github"
      }
    },
    "nixpkgs": {
      "locked": {
        "lastModified": 1700204040,
        "narHash": "sha256-xSVcS5HBYnD3LTer7Y2K8ZQCDCXMa3QUD1MzRjHzuhI=",
        "owner": "NixOS",
        "repo": "nixpkgs",
        "rev": "c757e9bd77b16ca2e03c89bf8bc9ecb28e0c06ad",
        "type": "github"
      },
      "original": {
        "owner": "NixOS",
        "ref": "nixos-unstable",
        "repo": "nixpkgs",
        "type": "github"
      }
    },
    "nixpkgs-bazel-pinned": {
      "locked": {
        "lastModified": 1717414489,
        "narHash": "sha256-fhvJv8hkJwotkqxhoSQfvh6UfKG+sTYIQ3hchariEDk=",
        "owner": "nixos",
        "repo": "nixpkgs",
        "rev": "c429fa2ffa21229eeadbe37c11a47aff35f53ce0",
        "type": "github"
      },
      "original": {
        "owner": "nixos",
        "repo": "nixpkgs",
        "rev": "c429fa2ffa21229eeadbe37c11a47aff35f53ce0",
        "type": "github"
      }
    },
    "nixpkgs-cr-bootstrap": {
      "locked": {
        "lastModified": 1704226257,
        "narHash": "sha256-ROd5j1lJlQX/4DQgwvQY0Qmcx1rT2njsj4m3wniTyNk=",
        "owner": "nixos",
        "repo": "nixpkgs",
        "rev": "24141f297ffdcb4d43d000645046d083d4ab9253",
        "type": "github"
      },
      "original": {
        "owner": "nixos",
        "repo": "nixpkgs",
        "rev": "24141f297ffdcb4d43d000645046d083d4ab9253",
        "type": "github"
      }
    },
    "nixpkgs-kubectl-pinned": {
      "locked": {
        "lastModified": 1691032588,
        "narHash": "sha256-Mh7kFF8PaziMakvO7L5qdhh7pp5kgiWMTtxErFZT2Yg=",
        "owner": "nixos",
        "repo": "nixpkgs",
        "rev": "3a3b8c94a5890bdbbd54fdb87fe42df68d54b5dc",
        "type": "github"
      },
      "original": {
        "owner": "nixos",
        "repo": "nixpkgs",
        "rev": "3a3b8c94a5890bdbbd54fdb87fe42df68d54b5dc",
        "type": "github"
      }
    },
    "nixpkgs-osslsigncode": {
      "locked": {
        "lastModified": 1699110214,
        "narHash": "sha256-L2TU4RgtiqF69W8Gacg2jEkEYJrW+Kp0Mp4plwQh5b8=",
        "owner": "nixos",
        "repo": "nixpkgs",
        "rev": "78f3a4ae19f0e99d5323dd2e3853916b8ee4afee",
        "type": "github"
      },
      "original": {
        "owner": "nixos",
        "repo": "nixpkgs",
        "rev": "78f3a4ae19f0e99d5323dd2e3853916b8ee4afee",
        "type": "github"
      }
    },
    "nixpkgs-terraform": {
      "locked": {
        "lastModified": 1701269638,
        "narHash": "sha256-O52ykrWNsg0vXA66s5J9w/KTOBN+3O+icQr5QgU1kOs=",
        "owner": "nixos",
        "repo": "nixpkgs",
        "rev": "577d5de6f42fbd1302a9effd98f49d6cf5a74d82",
        "type": "github"
      },
      "original": {
        "owner": "nixos",
        "repo": "nixpkgs",
        "rev": "577d5de6f42fbd1302a9effd98f49d6cf5a74d82",
        "type": "github"
      }
    },
    "nixpkgs-unstable": {
      "locked": {
        "lastModified": 1719468428,
        "narHash": "sha256-vN5xJAZ4UGREEglh3lfbbkIj+MPEYMuqewMn4atZFaQ=",
        "owner": "NixOS",
        "repo": "nixpkgs",
        "rev": "1e3deb3d8a86a870d925760db1a5adecc64d329d",
        "type": "github"
      },
      "original": {
        "owner": "NixOS",
        "ref": "nixpkgs-unstable",
        "repo": "nixpkgs",
        "type": "github"
      }
    },
    "nixpkgs_2": {
      "locked": {
        "lastModified": 1719848872,
        "narHash": "sha256-H3+EC5cYuq+gQW8y0lSrrDZfH71LB4DAf+TDFyvwCNA=",
        "owner": "NixOS",
        "repo": "nixpkgs",
        "rev": "00d80d13810dbfea8ab4ed1009b09100cca86ba8",
        "type": "github"
      },
      "original": {
        "owner": "NixOS",
        "ref": "nixos-unstable",
        "repo": "nixpkgs",
        "type": "github"
      }
    },
    "nixpkgs_3": {
      "locked": {
        "lastModified": 1625176478,
        "narHash": "sha256-s1RTYNKw7ySyqrZjns9Cq+Nnjpp75ePgL06pgcbIpoA=",
        "owner": "NixOS",
        "repo": "nixpkgs",
        "rev": "21b696caf392ad6fa513caf3327d0aa0430ffb72",
        "type": "github"
      },
      "original": {
        "owner": "NixOS",
        "ref": "nixos-21.05",
        "repo": "nixpkgs",
        "type": "github"
      }
    },
    "nixpkgs_4": {
      "locked": {
        "lastModified": 1719254875,
        "narHash": "sha256-ECni+IkwXjusHsm9Sexdtq8weAq/yUyt1TWIemXt3Ko=",
        "owner": "nixos",
        "repo": "nixpkgs",
        "rev": "2893f56de08021cffd9b6b6dfc70fd9ccd51eb60",
        "type": "github"
      },
      "original": {
        "owner": "nixos",
        "ref": "nixos-unstable",
        "repo": "nixpkgs",
        "type": "github"
      }
    },
    "nixpkgs_5": {
      "locked": {
        "lastModified": 1719663039,
        "narHash": "sha256-tXlrgAQygNIy49LDVFuPXlWD2zTQV9/F8pfoqwwPJyo=",
        "owner": "nixos",
        "repo": "nixpkgs",
        "rev": "4a1e673523344f6ccc84b37f4413ad74ea19a119",
        "type": "github"
      },
      "original": {
        "owner": "nixos",
        "ref": "release-23.11",
        "repo": "nixpkgs",
        "type": "github"
      }
    },
    "nixpkgs_6": {
      "locked": {
        "lastModified": 0,
        "narHash": "sha256-7lR9tpVXviSccl07GXI0+ve/natd24HAkuy1sQp0OlI=",
        "path": "/nix/store/dc477ngpdyz4wqn5yswppahrvr0vcghy-source",
        "type": "path"
      },
      "original": {
        "id": "nixpkgs",
        "type": "indirect"
      }
    },
    "nixpkgs_7": {
      "locked": {
        "lastModified": 1648097358,
        "narHash": "sha256-GMoTKP/po2Nbkh1tvPvP8Ww6NyFW8FFst1Z3nfzffZc=",
        "owner": "NixOS",
        "repo": "nixpkgs",
        "rev": "4d60081494259c0785f7e228518fee74e0792c1b",
        "type": "github"
      },
      "original": {
        "id": "nixpkgs",
        "type": "indirect"
      }
    },
    "nixpkgs_8": {
      "locked": {
        "lastModified": 1720440425,
        "narHash": "sha256-phkmIS2VK3TFklRCaSs8ztqBrnycnj+eKa2HrKDhtyk=",
        "owner": "NixOS",
        "repo": "nixpkgs",
        "rev": "2e45bfd5361ccdbebe45b68ae2021aea0078eb00",
        "type": "github"
      },
      "original": {
        "owner": "NixOS",
        "ref": "nixpkgs-unstable",
        "repo": "nixpkgs",
        "type": "github"
      }
    },
    "nixpkgs_9": {
      "locked": {
        "lastModified": 1692557222,
        "narHash": "sha256-TCOtZaioLf/jTEgfa+nyg0Nwq5Uc610Z+OFV75yUgGw=",
        "owner": "NixOS",
        "repo": "nixpkgs",
        "rev": "0b07d4957ee1bd7fd3bdfd12db5f361bd70175a6",
        "type": "github"
      },
      "original": {
        "id": "nixpkgs",
        "type": "indirect"
      }
    },
    "root": {
      "inputs": {
        "ekverlay": "ekverlay",
        "home-manager": "home-manager",
        "mvn2nix": "mvn2nix",
        "ngrok-dev": "ngrok-dev",
        "ngrok-dev2": "ngrok-dev2",
        "nixek": "nixek",
        "nixos-hardware": "nixos-hardware",
        "nixpkgs": "nixpkgs_8",
        "secrets": "secrets",
        "vim-ddc": "vim-ddc",
        "vim-pum": "vim-pum",
        "vim-skkeleton": "vim-skkeleton"
      }
    },
    "rust-analyzer-src": {
      "flake": false,
      "locked": {
        "lastModified": 1719576535,
        "narHash": "sha256-YzF4P6YVInAjcR5eJHWefkKEu5t70KYVZMvdLODv8CM=",
        "owner": "rust-lang",
        "repo": "rust-analyzer",
        "rev": "9463d9eea4b87e651e7d8ed8425a9c92f23b1cdf",
        "type": "github"
      },
      "original": {
        "owner": "rust-lang",
        "ref": "nightly",
        "repo": "rust-analyzer",
        "type": "github"
      }
    },
    "secrets": {
      "inputs": {
        "nixpkgs": "nixpkgs_9"
      },
      "locked": {
        "lastModified": 1690443990,
        "narHash": "sha256-fEKD8QwPRFrs/d1hY6WiYGOrBex5YqDdNW3uu3zmq/U=",
        "path": "/home/esk/dev/nix-secrets",
        "type": "path"
      },
      "original": {
        "path": "/home/esk/dev/nix-secrets",
        "type": "path"
      }
    },
    "systems": {
      "locked": {
        "lastModified": 1681028828,
        "narHash": "sha256-Vy1rq5AaRuLzOxct8nz4T6wlgyUR7zLU309k9mBC768=",
        "owner": "nix-systems",
        "repo": "default",
        "rev": "da67096a3b9bf56a91d16901293e51ba5b49a27e",
        "type": "github"
      },
      "original": {
        "owner": "nix-systems",
        "repo": "default",
        "type": "github"
      }
    },
    "utils": {
      "locked": {
        "lastModified": 1623875721,
        "narHash": "sha256-A8BU7bjS5GirpAUv4QA+QnJ4CceLHkcXdRp4xITDB0s=",
        "owner": "numtide",
        "repo": "flake-utils",
        "rev": "f7e004a55b120c02ecb6219596820fcd32ca8772",
        "type": "github"
      },
      "original": {
        "owner": "numtide",
        "repo": "flake-utils",
        "type": "github"
      }
    },
    "vim-ddc": {
      "locked": {
        "lastModified": 1709566333,
        "narHash": "sha256-blARpUsKcOAnZ5SqFo8D++Nwt+zAZUyPgawZfIF3umU=",
        "owner": "euank",
        "repo": "nixpkgs",
        "rev": "36b4739805a9783f05c819e6942722710c65c6f9",
        "type": "github"
      },
      "original": {
        "owner": "euank",
        "ref": "vim-plugins-ddc-2024-03-05",
        "repo": "nixpkgs",
        "type": "github"
      }
    },
    "vim-pum": {
      "locked": {
        "lastModified": 1708600221,
        "narHash": "sha256-kYHUfJrq/R1pKkMJAuX1cE0dcd+PKGKhma61uh7h/U4=",
        "owner": "euank",
        "repo": "nixpkgs",
        "rev": "81a1e869708f1db93d70b3aaa722578e9d18d7a5",
        "type": "github"
      },
      "original": {
        "owner": "euank",
        "ref": "vim-plugin-pum-2024-02-22",
        "repo": "nixpkgs",
        "type": "github"
      }
    },
    "vim-skkeleton": {
      "locked": {
        "lastModified": 1708599414,
        "narHash": "sha256-Luim4gU/oJlnBJ0CHQWXUN77ITxxODeWiOX4y5XXito=",
        "owner": "euank",
        "repo": "nixpkgs",
        "rev": "6210e6250922e95d32ba30d411c054f281c8a109",
        "type": "github"
      },
      "original": {
        "owner": "euank",
        "ref": "vim-plugin-skkeleton-2024-02-22",
        "repo": "nixpkgs",
        "type": "github"
      }
    }
  },
  "root": "root",
  "version": 7
}
