{
  "nodes": {
    "denops-nixpkgs": {
      "locked": {
        "lastModified": 1698050261,
        "narHash": "sha256-Ajf6JjNvBLI/s4mm1DcPxkiMVRQOdMXq7MbA80Lj/1M=",
        "owner": "euank",
        "repo": "nixpkgs",
        "rev": "7c4417264976125a5522b1f1f7e3662ec342d6b0",
        "type": "github"
      },
      "original": {
        "owner": "euank",
        "ref": "add-denops-2023-10-23",
        "repo": "nixpkgs",
        "type": "github"
      }
    },
    "ekverlay": {
      "inputs": {
        "nixpkgs": "nixpkgs"
      },
      "locked": {
        "lastModified": 1700404841,
        "narHash": "sha256-QXx6qAirGdrNa89I/+ZiH9P6IEfz5R4iNdDA/tQRr0c=",
        "owner": "euank",
        "repo": "nixek-overlay",
        "rev": "7f74795af5dce4e10b5e45bd21320401a9d116bb",
        "type": "github"
      },
      "original": {
        "owner": "euank",
        "repo": "nixek-overlay",
        "type": "github"
      }
    },
    "fenix": {
      "inputs": {
        "nixpkgs": [
          "ngrok-dev",
          "nixpkgs"
        ],
        "rust-analyzer-src": "rust-analyzer-src"
      },
      "locked": {
        "lastModified": 1702707666,
        "narHash": "sha256-I8qF/ZdzXcgkKz+BcgQKFgTlcQmAM5wkoYaLJR+N17U=",
        "owner": "nix-community",
        "repo": "fenix",
        "rev": "8001e62f21df863304287c63f01fcc0c24c91816",
        "type": "github"
      },
      "original": {
        "owner": "nix-community",
        "repo": "fenix",
        "type": "github"
      }
    },
    "flake-utils": {
      "inputs": {
        "systems": "systems"
      },
      "locked": {
        "lastModified": 1701680307,
        "narHash": "sha256-kAuep2h5ajznlPMD9rnQyffWG8EM/C73lejGofXvdM8=",
        "owner": "numtide",
        "repo": "flake-utils",
        "rev": "4022d587cbbfd70fe950c1e2083a02621806a725",
        "type": "github"
      },
      "original": {
        "owner": "numtide",
        "repo": "flake-utils",
        "type": "github"
      }
    },
    "home-manager": {
      "inputs": {
        "nixpkgs": "nixpkgs_2"
      },
      "locked": {
        "lastModified": 1706473109,
        "narHash": "sha256-iyuAvpKTsq2u23Cr07RcV5XlfKExrG8gRpF75hf1uVc=",
        "owner": "nix-community",
        "repo": "home-manager",
        "rev": "d634c3abafa454551f2083b054cd95c3f287be61",
        "type": "github"
      },
      "original": {
        "owner": "nix-community",
        "repo": "home-manager",
        "type": "github"
      }
    },
    "mozc": {
      "locked": {
        "lastModified": 1706473889,
        "narHash": "sha256-TdVQnGCXGqVpRRlBophmXiVFLY2+UY9ixk4NoS1RexM=",
        "owner": "euank",
        "repo": "nixpkgs",
        "rev": "06ea5c8e3f1fe8fcc8b0922bb4d8cf4c798cc18c",
        "type": "github"
      },
      "original": {
        "owner": "euank",
        "ref": "mozc-2024-01-30",
        "repo": "nixpkgs",
        "type": "github"
      }
    },
    "mvn2nix": {
      "inputs": {
        "nixpkgs": "nixpkgs_3",
        "utils": "utils"
      },
      "locked": {
        "lastModified": 1701817271,
        "narHash": "sha256-5ZnRlGhWFD3U9AzCbZ7L8Yf2lTvO81dVv138nbqHEFI=",
        "owner": "fzakaria",
        "repo": "mvn2nix",
        "rev": "e27562cb6fc5b546eb8a3a6be79b7f1ac7676e4b",
        "type": "github"
      },
      "original": {
        "owner": "fzakaria",
        "repo": "mvn2nix",
        "type": "github"
      }
    },
    "ngrok-dev": {
      "inputs": {
        "fenix": "fenix",
        "flake-utils": "flake-utils",
        "nixcr": "nixcr",
        "nixpkgs": "nixpkgs_4",
        "nixpkgs-cr-bootstrap": "nixpkgs-cr-bootstrap",
        "nixpkgs-kubectl-pinned": "nixpkgs-kubectl-pinned",
        "nixpkgs-osslsigncode": "nixpkgs-osslsigncode",
        "nixpkgs-pinned": "nixpkgs-pinned",
        "nixpkgs-terraform": "nixpkgs-terraform",
        "nixpkgs-unstable": "nixpkgs-unstable"
      },
      "locked": {
        "dir": "nix",
        "dirtyRev": "2e630ec5a8560220f0bf59296baefb9ed4ab0c4a-dirty",
        "dirtyShortRev": "2e630ec5a8-dirty",
        "lastModified": 1705019804,
        "narHash": "sha256-9jp+ArL3JO3ep6n6ZVtSaf8f5ZnJuQnKQAaOLkbkMVI=",
        "type": "git",
        "url": "file:/home/esk/dev/ngrok?dir=nix"
      },
      "original": {
        "dir": "nix",
        "type": "git",
        "url": "file:/home/esk/dev/ngrok?dir=nix"
      }
    },
    "ngrok-dev2": {
      "inputs": {
        "nixpkgs": "nixpkgs_5"
      },
      "locked": {
        "lastModified": 1695183930,
        "narHash": "sha256-4FdWjak+mk0cK/d61MnLue3A5ussVuy+SqCu21W0FuY=",
        "path": "/home/esk/nix-ngrok-dev",
        "type": "path"
      },
      "original": {
        "path": "/home/esk/nix-ngrok-dev",
        "type": "path"
      }
    },
    "nixcr": {
      "locked": {
        "lastModified": 1691018077,
        "narHash": "sha256-qXXzayCCk2bw8U8+/uxwpliTyz3h/acWTWD5olbridY=",
        "owner": "pololu",
        "repo": "nixcrpkgs",
        "rev": "cd1860ee777a16772f3cfb43234448e3ee21e5d5",
        "type": "github"
      },
      "original": {
        "owner": "pololu",
        "repo": "nixcrpkgs",
        "type": "github"
      }
    },
    "nixek": {
      "inputs": {
        "nixpkgs": "nixpkgs_6"
      },
      "locked": {
        "lastModified": 1648331943,
        "narHash": "sha256-GDGqr+L3LCY4JIpmO5PTzfKWLaP8q/ZIeBGIy2WJLIY=",
        "owner": "nixek-systems",
        "repo": "pkgs",
        "rev": "fbae596538662b40e379af097804339cdbcb7f95",
        "type": "github"
      },
      "original": {
        "owner": "nixek-systems",
        "repo": "pkgs",
        "type": "github"
      }
    },
    "nixos-hardware": {
      "locked": {
        "lastModified": 1706182238,
        "narHash": "sha256-Ti7CerGydU7xyrP/ow85lHsOpf+XMx98kQnPoQCSi1g=",
        "owner": "NixOS",
        "repo": "nixos-hardware",
        "rev": "f84eaffc35d1a655e84749228cde19922fcf55f1",
        "type": "github"
      },
      "original": {
        "owner": "NixOS",
        "ref": "master",
        "repo": "nixos-hardware",
        "type": "github"
      }
    },
    "nixpkgs": {
      "locked": {
        "lastModified": 1700204040,
        "narHash": "sha256-xSVcS5HBYnD3LTer7Y2K8ZQCDCXMa3QUD1MzRjHzuhI=",
        "owner": "NixOS",
        "repo": "nixpkgs",
        "rev": "c757e9bd77b16ca2e03c89bf8bc9ecb28e0c06ad",
        "type": "github"
      },
      "original": {
        "owner": "NixOS",
        "ref": "nixos-unstable",
        "repo": "nixpkgs",
        "type": "github"
      }
    },
    "nixpkgs-cr-bootstrap": {
      "locked": {
        "lastModified": 1704226257,
        "narHash": "sha256-ROd5j1lJlQX/4DQgwvQY0Qmcx1rT2njsj4m3wniTyNk=",
        "owner": "nixos",
        "repo": "nixpkgs",
        "rev": "24141f297ffdcb4d43d000645046d083d4ab9253",
        "type": "github"
      },
      "original": {
        "owner": "nixos",
        "repo": "nixpkgs",
        "rev": "24141f297ffdcb4d43d000645046d083d4ab9253",
        "type": "github"
      }
    },
    "nixpkgs-kubectl-pinned": {
      "locked": {
        "lastModified": 1688392541,
        "narHash": "sha256-lHrKvEkCPTUO+7tPfjIcb7Trk6k31rz18vkyqmkeJfY=",
        "owner": "nixos",
        "repo": "nixpkgs",
        "rev": "ea4c80b39be4c09702b0cb3b42eab59e2ba4f24b",
        "type": "github"
      },
      "original": {
        "owner": "nixos",
        "ref": "release-22.11",
        "repo": "nixpkgs",
        "type": "github"
      }
    },
    "nixpkgs-osslsigncode": {
      "locked": {
        "lastModified": 1699110214,
        "narHash": "sha256-L2TU4RgtiqF69W8Gacg2jEkEYJrW+Kp0Mp4plwQh5b8=",
        "owner": "nixos",
        "repo": "nixpkgs",
        "rev": "78f3a4ae19f0e99d5323dd2e3853916b8ee4afee",
        "type": "github"
      },
      "original": {
        "owner": "nixos",
        "repo": "nixpkgs",
        "rev": "78f3a4ae19f0e99d5323dd2e3853916b8ee4afee",
        "type": "github"
      }
    },
    "nixpkgs-pinned": {
      "locked": {
        "lastModified": 1685573264,
        "narHash": "sha256-Zffu01pONhs/pqH07cjlF10NnMDLok8ix5Uk4rhOnZQ=",
        "owner": "nixos",
        "repo": "nixpkgs",
        "rev": "380be19fbd2d9079f677978361792cb25e8a3635",
        "type": "github"
      },
      "original": {
        "owner": "nixos",
        "ref": "release-22.05",
        "repo": "nixpkgs",
        "type": "github"
      }
    },
    "nixpkgs-terraform": {
      "locked": {
        "lastModified": 1701269638,
        "narHash": "sha256-O52ykrWNsg0vXA66s5J9w/KTOBN+3O+icQr5QgU1kOs=",
        "owner": "nixos",
        "repo": "nixpkgs",
        "rev": "577d5de6f42fbd1302a9effd98f49d6cf5a74d82",
        "type": "github"
      },
      "original": {
        "owner": "nixos",
        "repo": "nixpkgs",
        "rev": "577d5de6f42fbd1302a9effd98f49d6cf5a74d82",
        "type": "github"
      }
    },
    "nixpkgs-unstable": {
      "locked": {
        "lastModified": 1702539185,
        "narHash": "sha256-KnIRG5NMdLIpEkZTnN5zovNYc0hhXjAgv6pfd5Z4c7U=",
        "owner": "NixOS",
        "repo": "nixpkgs",
        "rev": "aa9d4729cbc99dabacb50e3994dcefb3ea0f7447",
        "type": "github"
      },
      "original": {
        "owner": "NixOS",
        "ref": "nixpkgs-unstable",
        "repo": "nixpkgs",
        "type": "github"
      }
    },
    "nixpkgs_2": {
      "locked": {
        "lastModified": 1706191920,
        "narHash": "sha256-eLihrZAPZX0R6RyM5fYAWeKVNuQPYjAkCUBr+JNvtdE=",
        "owner": "NixOS",
        "repo": "nixpkgs",
        "rev": "ae5c332cbb5827f6b1f02572496b141021de335f",
        "type": "github"
      },
      "original": {
        "owner": "NixOS",
        "ref": "nixos-unstable",
        "repo": "nixpkgs",
        "type": "github"
      }
    },
    "nixpkgs_3": {
      "locked": {
        "lastModified": 1625176478,
        "narHash": "sha256-s1RTYNKw7ySyqrZjns9Cq+Nnjpp75ePgL06pgcbIpoA=",
        "owner": "NixOS",
        "repo": "nixpkgs",
        "rev": "21b696caf392ad6fa513caf3327d0aa0430ffb72",
        "type": "github"
      },
      "original": {
        "owner": "NixOS",
        "ref": "nixos-21.05",
        "repo": "nixpkgs",
        "type": "github"
      }
    },
    "nixpkgs_4": {
      "locked": {
        "lastModified": 1704226257,
        "narHash": "sha256-ROd5j1lJlQX/4DQgwvQY0Qmcx1rT2njsj4m3wniTyNk=",
        "owner": "nixos",
        "repo": "nixpkgs",
        "rev": "24141f297ffdcb4d43d000645046d083d4ab9253",
        "type": "github"
      },
      "original": {
        "owner": "nixos",
        "ref": "release-23.11",
        "repo": "nixpkgs",
        "type": "github"
      }
    },
    "nixpkgs_5": {
      "locked": {
        "lastModified": 1701237617,
        "narHash": "sha256-Ryd8xpNDY9MJnBFDYhB37XSFIxCPVVVXAbInNPa95vs=",
        "owner": "NixOS",
        "repo": "nixpkgs",
        "rev": "85306ef2470ba705c97ce72741d56e42d0264015",
        "type": "github"
      },
      "original": {
        "id": "nixpkgs",
        "type": "indirect"
      }
    },
    "nixpkgs_6": {
      "locked": {
        "lastModified": 1648097358,
        "narHash": "sha256-GMoTKP/po2Nbkh1tvPvP8Ww6NyFW8FFst1Z3nfzffZc=",
        "owner": "NixOS",
        "repo": "nixpkgs",
        "rev": "4d60081494259c0785f7e228518fee74e0792c1b",
        "type": "github"
      },
      "original": {
        "id": "nixpkgs",
        "type": "indirect"
      }
    },
    "nixpkgs_7": {
      "locked": {
        "lastModified": 1706487304,
        "narHash": "sha256-LE8lVX28MV2jWJsidW13D2qrHU/RUUONendL2Q/WlJg=",
        "owner": "NixOS",
        "repo": "nixpkgs",
        "rev": "90f456026d284c22b3e3497be980b2e47d0b28ac",
        "type": "github"
      },
      "original": {
        "owner": "NixOS",
        "ref": "nixpkgs-unstable",
        "repo": "nixpkgs",
        "type": "github"
      }
    },
    "nixpkgs_8": {
      "locked": {
        "lastModified": 1692557222,
        "narHash": "sha256-TCOtZaioLf/jTEgfa+nyg0Nwq5Uc610Z+OFV75yUgGw=",
        "owner": "NixOS",
        "repo": "nixpkgs",
        "rev": "0b07d4957ee1bd7fd3bdfd12db5f361bd70175a6",
        "type": "github"
      },
      "original": {
        "id": "nixpkgs",
        "type": "indirect"
      }
    },
    "root": {
      "inputs": {
        "denops-nixpkgs": "denops-nixpkgs",
        "ekverlay": "ekverlay",
        "home-manager": "home-manager",
        "mozc": "mozc",
        "mvn2nix": "mvn2nix",
        "ngrok-dev": "ngrok-dev",
        "ngrok-dev2": "ngrok-dev2",
        "nixek": "nixek",
        "nixos-hardware": "nixos-hardware",
        "nixpkgs": "nixpkgs_7",
        "secrets": "secrets"
      }
    },
    "rust-analyzer-src": {
      "flake": false,
      "locked": {
        "lastModified": 1702654920,
        "narHash": "sha256-Kvym2mv/f4duzYJLL+HBOTHkr8GbqCc3bDtuBN9TSvQ=",
        "owner": "rust-lang",
        "repo": "rust-analyzer",
        "rev": "21b06c1beb9bb59369ffd652f5d617bcf6952e05",
        "type": "github"
      },
      "original": {
        "owner": "rust-lang",
        "ref": "nightly",
        "repo": "rust-analyzer",
        "type": "github"
      }
    },
    "secrets": {
      "inputs": {
        "nixpkgs": "nixpkgs_8"
      },
      "locked": {
        "lastModified": 1690443990,
        "narHash": "sha256-fEKD8QwPRFrs/d1hY6WiYGOrBex5YqDdNW3uu3zmq/U=",
        "path": "/home/esk/dev/nix-secrets",
        "type": "path"
      },
      "original": {
        "path": "/home/esk/dev/nix-secrets",
        "type": "path"
      }
    },
    "systems": {
      "locked": {
        "lastModified": 1681028828,
        "narHash": "sha256-Vy1rq5AaRuLzOxct8nz4T6wlgyUR7zLU309k9mBC768=",
        "owner": "nix-systems",
        "repo": "default",
        "rev": "da67096a3b9bf56a91d16901293e51ba5b49a27e",
        "type": "github"
      },
      "original": {
        "owner": "nix-systems",
        "repo": "default",
        "type": "github"
      }
    },
    "utils": {
      "locked": {
        "lastModified": 1623875721,
        "narHash": "sha256-A8BU7bjS5GirpAUv4QA+QnJ4CceLHkcXdRp4xITDB0s=",
        "owner": "numtide",
        "repo": "flake-utils",
        "rev": "f7e004a55b120c02ecb6219596820fcd32ca8772",
        "type": "github"
      },
      "original": {
        "owner": "numtide",
        "repo": "flake-utils",
        "type": "github"
      }
    }
  },
  "root": "root",
  "version": 7
}
